// !$*UTF8*$!
{
	archiveVersion = 1;
	classes = {
	};
	objectVersion = 46;
	objects = {

/* Begin PBXBuildFile section */
		EEBD7FC51ED3091A00945232 /* AppDelegate.swift in Sources */ = {isa = PBXBuildFile; fileRef = EEBD7FC41ED3091A00945232 /* AppDelegate.swift */; };
		EEBD7FC71ED3091A00945232 /* ViewController.swift in Sources */ = {isa = PBXBuildFile; fileRef = EEBD7FC61ED3091A00945232 /* ViewController.swift */; };
		EEBD7FCA1ED3091A00945232 /* Main.storyboard in Resources */ = {isa = PBXBuildFile; fileRef = EEBD7FC81ED3091A00945232 /* Main.storyboard */; };
		EEBD7FCC1ED3091A00945232 /* Assets.xcassets in Resources */ = {isa = PBXBuildFile; fileRef = EEBD7FCB1ED3091A00945232 /* Assets.xcassets */; };
		EEBD7FCF1ED3091A00945232 /* LaunchScreen.storyboard in Resources */ = {isa = PBXBuildFile; fileRef = EEBD7FCD1ED3091A00945232 /* LaunchScreen.storyboard */; };
/* End PBXBuildFile section */

/* Begin PBXFileReference section */
		EEBD7FC11ED3091A00945232 /* MBSurvey.app */ = {isa = PBXFileReference; explicitFileType = wrapper.application; includeInIndex = 0; path = MBSurvey.app; sourceTree = BUILT_PRODUCTS_DIR; };
		EEBD7FC41ED3091A00945232 /* AppDelegate.swift */ = {isa = PBXFileReference; lastKnownFileType = sourcecode.swift; path = AppDelegate.swift; sourceTree = "<group>"; };
		EEBD7FC61ED3091A00945232 /* ViewController.swift */ = {isa = PBXFileReference; lastKnownFileType = sourcecode.swift; path = ViewController.swift; sourceTree = "<group>"; };
		EEBD7FC91ED3091A00945232 /* Base */ = {isa = PBXFileReference; lastKnownFileType = file.storyboard; name = Base; path = Base.lproj/Main.storyboard; sourceTree = "<group>"; };
		EEBD7FCB1ED3091A00945232 /* Assets.xcassets */ = {isa = PBXFileReference; lastKnownFileType = folder.assetcatalog; path = Assets.xcassets; sourceTree = "<group>"; };
		EEBD7FCE1ED3091A00945232 /* Base */ = {isa = PBXFileReference; lastKnownFileType = file.storyboard; name = Base; path = Base.lproj/LaunchScreen.storyboard; sourceTree = "<group>"; };
		EEBD7FD01ED3091A00945232 /* Info.plist */ = {isa = PBXFileReference; lastKnownFileType = text.plist.xml; path = Info.plist; sourceTree = "<group>"; };
/* End PBXFileReference section */

/* Begin PBXFrameworksBuildPhase section */
		EEBD7FBE1ED3091A00945232 /* Frameworks */ = {
			isa = PBXFrameworksBuildPhase;
			buildActionMask = 2147483647;
			files = (
			);
			runOnlyForDeploymentPostprocessing = 0;
		};
/* End PBXFrameworksBuildPhase section */

/* Begin PBXGroup section */
		EEBD7FB81ED3091A00945232 = {
			isa = PBXGroup;
			children = (
				EEBD7FC31ED3091A00945232 /* MBSurvey */,
				EEBD7FC21ED3091A00945232 /* Products */,
			);
			sourceTree = "<group>";
		};
		EEBD7FC21ED3091A00945232 /* Products */ = {
			isa = PBXGroup;
			children = (
				EEBD7FC11ED3091A00945232 /* MBSurvey.app */,
			);
			name = Products;
			sourceTree = "<group>";
		};
		EEBD7FC31ED3091A00945232 /* MBSurvey */ = {
			isa = PBXGroup;
			children = (
				EEBD7FC41ED3091A00945232 /* AppDelegate.swift */,
				EEBD7FC61ED3091A00945232 /* ViewController.swift */,
				EEBD7FC81ED3091A00945232 /* Main.storyboard */,
				EEBD7FCB1ED3091A00945232 /* Assets.xcassets */,
				EEBD7FCD1ED3091A00945232 /* LaunchScreen.storyboard */,
				EEBD7FD01ED3091A00945232 /* Info.plist */,
			);
			path = MBSurvey;
			sourceTree = "<group>";
		};
/* End PBXGroup section */

/* Begin PBXNativeTarget section */
		EEBD7FC01ED3091A00945232 /* MBSurvey */ = {
			isa = PBXNativeTarget;
			buildConfigurationList = EEBD7FD31ED3091A00945232 /* Build configuration list for PBXNativeTarget "MBSurvey" */;
			buildPhases = (
				EEBD7FBD1ED3091A00945232 /* Sources */,
				EEBD7FBE1ED3091A00945232 /* Frameworks */,
				EEBD7FBF1ED3091A00945232 /* Resources */,
			);
			buildRules = (
			);
			dependencies = (
			);
			name = MBSurvey;
			productName = MBSurvey;
			productReference = EEBD7FC11ED3091A00945232 /* MBSurvey.app */;
			productType = "com.apple.product-type.application";
		};
/* End PBXNativeTarget section */

/* Begin PBXProject section */
		EEBD7FB91ED3091A00945232 /* Project object */ = {
			isa = PBXProject;
			attributes = {
				LastSwiftUpdateCheck = 0830;
				LastUpgradeCheck = 0830;
				ORGANIZATIONNAME = "Mirko Babic";
				TargetAttributes = {
					EEBD7FC01ED3091A00945232 = {
						CreatedOnToolsVersion = 8.3.2;
						DevelopmentTeam = MNKXKEGW8X;
						ProvisioningStyle = Automatic;
					};
				};
			};
			buildConfigurationList = EEBD7FBC1ED3091A00945232 /* Build configuration list for PBXProject "MBSurvey" */;
			compatibilityVersion = "Xcode 3.2";
			developmentRegion = English;
			hasScannedForEncodings = 0;
			knownRegions = (
				en,
				Base,
			);
			mainGroup = EEBD7FB81ED3091A00945232;
			productRefGroup = EEBD7FC21ED3091A00945232 /* Products */;
			projectDirPath = "";
			projectRoot = "";
			targets = (
				EEBD7FC01ED3091A00945232 /* MBSurvey */,
			);
		};
/* End PBXProject section */

/* Begin PBXResourcesBuildPhase section */
		EEBD7FBF1ED3091A00945232 /* Resources */ = {
			isa = PBXResourcesBuildPhase;
			buildActionMask = 2147483647;
			files = (
				EEBD7FCF1ED3091A00945232 /* LaunchScreen.storyboard in Resources */,
				EEBD7FCC1ED3091A00945232 /* Assets.xcassets in Resources */,
				EEBD7FCA1ED3091A00945232 /* Main.storyboard in Resources */,
			);
			runOnlyForDeploymentPostprocessing = 0;
		};
/* End PBXResourcesBuildPhase section */

/* Begin PBXSourcesBuildPhase section */
		EEBD7FBD1ED3091A00945232 /* Sources */ = {
			isa = PBXSourcesBuildPhase;
			buildActionMask = 2147483647;
			files = (
				EEBD7FC71ED3091A00945232 /* ViewController.swift in Sources */,
				EEBD7FC51ED3091A00945232 /* AppDelegate.swift in Sources */,
			);
			runOnlyForDeploymentPostprocessing = 0;
		};
/* End PBXSourcesBuildPhase section */

/* Begin PBXVariantGroup section */
		EEBD7FC81ED3091A00945232 /* Main.storyboard */ = {
			isa = PBXVariantGroup;
			children = (
				EEBD7FC91ED3091A00945232 /* Base */,
			);
			name = Main.storyboard;
			sourceTree = "<group>";
		};
		EEBD7FCD1ED3091A00945232 /* LaunchScreen.storyboard */ = {
			isa = PBXVariantGroup;
			children = (
				EEBD7FCE1ED3091A00945232 /* Base */,
			);
			name = LaunchScreen.storyboard;
			sourceTree = "<group>";
		};
/* End PBXVariantGroup section */

/* Begin XCBuildConfiguration section */
		EEBD7FD11ED3091A00945232 /* Debug */ = {
			isa = XCBuildConfiguration;
			buildSettings = {
				ALWAYS_SEARCH_USER_PATHS = NO;
				CLANG_ANALYZER_NONNULL = YES;
				CLANG_ANALYZER_NUMBER_OBJECT_CONVERSION = YES_AGGRESSIVE;
				CLANG_CXX_LANGUAGE_STANDARD = "gnu++0x";
				CLANG_CXX_LIBRARY = "libc++";
				CLANG_ENABLE_MODULES = YES;
				CLANG_ENABLE_OBJC_ARC = YES;
				CLANG_WARN_BOOL_CONVERSION = YES;
				CLANG_WARN_CONSTANT_CONVERSION = YES;
				CLANG_WARN_DIRECT_OBJC_ISA_USAGE = YES_ERROR;
				CLANG_WARN_DOCUMENTATION_COMMENTS = YES;
				CLANG_WARN_EMPTY_BODY = YES;
				CLANG_WARN_ENUM_CONVERSION = YES;
				CLANG_WARN_INFINITE_RECURSION = YES;
				CLANG_WARN_INT_CONVERSION = YES;
				CLANG_WARN_OBJC_ROOT_CLASS = YES_ERROR;
				CLANG_WARN_SUSPICIOUS_MOVE = YES;
				CLANG_WARN_UNREACHABLE_CODE = YES;
				CLANG_WARN__DUPLICATE_METHOD_MATCH = YES;
				"CODE_SIGN_IDENTITY[sdk=iphoneos*]" = "iPhone Developer";
				COPY_PHASE_STRIP = NO;
				DEBUG_INFORMATION_FORMAT = dwarf;
				ENABLE_STRICT_OBJC_MSGSEND = YES;
				ENABLE_TESTABILITY = YES;
				GCC_C_LANGUAGE_STANDARD = gnu99;
				GCC_DYNAMIC_NO_PIC = NO;
				GCC_NO_COMMON_BLOCKS = YES;
				GCC_OPTIMIZATION_LEVEL = 0;
				GCC_PREPROCESSOR_DEFINITIONS = (
					"DEBUG=1",
					"$(inherited)",
				);
				GCC_WARN_64_TO_32_BIT_CONVERSION = YES;
				GCC_WARN_ABOUT_RETURN_TYPE = YES_ERROR;
				GCC_WARN_UNDECLARED_SELECTOR = YES;
				GCC_WARN_UNINITIALIZED_AUTOS = YES_AGGRESSIVE;
				GCC_WARN_UNUSED_FUNCTION = YES;
				GCC_WARN_UNUSED_VARIABLE = YES;
				IPHONEOS_DEPLOYMENT_TARGET = 10.3;
				MTL_ENABLE_DEBUG_INFO = YES;
				ONLY_ACTIVE_ARCH = YES;
				SDKROOT = iphoneos;
				SWIFT_ACTIVE_COMPILATION_CONDITIONS = DEBUG;
				SWIFT_OPTIMIZATION_LEVEL = "-Onone";
			};
			name = Debug;
		};
		EEBD7FD21ED3091A00945232 /* Release */ = {
			isa = XCBuildConfiguration;
			buildSettings = {
				ALWAYS_SEARCH_USER_PATHS = NO;
				CLANG_ANALYZER_NONNULL = YES;
				CLANG_ANALYZER_NUMBER_OBJECT_CONVERSION = YES_AGGRESSIVE;
				CLANG_CXX_LANGUAGE_STANDARD = "gnu++0x";
				CLANG_CXX_LIBRARY = "libc++";
				CLANG_ENABLE_MODULES = YES;
				CLANG_ENABLE_OBJC_ARC = YES;
				CLANG_WARN_BOOL_CONVERSION = YES;
				CLANG_WARN_CONSTANT_CONVERSION = YES;
				CLANG_WARN_DIRECT_OBJC_ISA_USAGE = YES_ERROR;
				CLANG_WARN_DOCUMENTATION_COMMENTS = YES;
				CLANG_WARN_EMPTY_BODY = YES;
				CLANG_WARN_ENUM_CONVERSION = YES;
				CLANG_WARN_INFINITE_RECURSION = YES;
				CLANG_WARN_INT_CONVERSION = YES;
				CLANG_WARN_OBJC_ROOT_CLASS = YES_ERROR;
				CLANG_WARN_SUSPICIOUS_MOVE = YES;
				CLANG_WARN_UNREACHABLE_CODE = YES;
				CLANG_WARN__DUPLICATE_METHOD_MATCH = YES;
				"CODE_SIGN_IDENTITY[sdk=iphoneos*]" = "iPhone Developer";
				COPY_PHASE_STRIP = NO;
				DEBUG_INFORMATION_FORMAT = "dwarf-with-dsym";
				ENABLE_NS_ASSERTIONS = NO;
				ENABLE_STRICT_OBJC_MSGSEND = YES;
				GCC_C_LANGUAGE_STANDARD = gnu99;
				GCC_NO_COMMON_BLOCKS = YES;
				GCC_WARN_64_TO_32_BIT_CONVERSION = YES;
				GCC_WARN_ABOUT_RETURN_TYPE = YES_ERROR;
				GCC_WARN_UNDECLARED_SELECTOR = YES;
				GCC_WARN_UNINITIALIZED_AUTOS = YES_AGGRESSIVE;
				GCC_WARN_UNUSED_FUNCTION = YES;
				GCC_WARN_UNUSED_VARIABLE = YES;
				IPHONEOS_DEPLOYMENT_TARGET = 10.3;
				MTL_ENABLE_DEBUG_INFO = NO;
				SDKROOT = iphoneos;
				SWIFT_OPTIMIZATION_LEVEL = "-Owholemodule";
				VALIDATE_PRODUCT = YES;
			};
			name = Release;
		};
		EEBD7FD41ED3091A00945232 /* Debug */ = {
			isa = XCBuildConfiguration;
			buildSettings = {
				ASSETCATALOG_COMPILER_APPICON_NAME = AppIcon;
				DEVELOPMENT_TEAM = MNKXKEGW8X;
				INFOPLIST_FILE = MBSurvey/Info.plist;
				LD_RUNPATH_SEARCH_PATHS = "$(inherited) @executable_path/Frameworks";
				PRODUCT_BUNDLE_IDENTIFIER = com.oroundo.MBSurvey;
				PRODUCT_NAME = "$(TARGET_NAME)";
				SWIFT_VERSION = 3.0;
			};
			name = Debug;
		};
		EEBD7FD51ED3091A00945232 /* Release */ = {
			isa = XCBuildConfiguration;
			buildSettings = {
				ASSETCATALOG_COMPILER_APPICON_NAME = AppIcon;
				DEVELOPMENT_TEAM = MNKXKEGW8X;
				INFOPLIST_FILE = MBSurvey/Info.plist;
				LD_RUNPATH_SEARCH_PATHS = "$(inherited) @executable_path/Frameworks";
				PRODUCT_BUNDLE_IDENTIFIER = com.oroundo.MBSurvey;
				PRODUCT_NAME = "$(TARGET_NAME)";
				SWIFT_VERSION = 3.0;
			};
			name = Release;
		};
/* End XCBuildConfiguration section */

/* Begin XCConfigurationList section */
		EEBD7FBC1ED3091A00945232 /* Build configuration list for PBXProject "MBSurvey" */ = {
			isa = XCConfigurationList;
			buildConfigurations = (
				EEBD7FD11ED3091A00945232 /* Debug */,
				EEBD7FD21ED3091A00945232 /* Release */,
			);
			defaultConfigurationIsVisible = 0;
			defaultConfigurationName = Release;
		};
		EEBD7FD31ED3091A00945232 /* Build configuration list for PBXNativeTarget "MBSurvey" */ = {
			isa = XCConfigurationList;
			buildConfigurations = (
				EEBD7FD41ED3091A00945232 /* Debug */,
				EEBD7FD51ED3091A00945232 /* Release */,
			);
			defaultConfigurationIsVisible = 0;
		};
/* End XCConfigurationList section */
	};
	rootObject = EEBD7FB91ED3091A00945232 /* Project object */;
}
